
Microsoft Visual Studio Solution File, Format Version 12.00
# Visual Studio 2012
Project("{FAE04EC0-301F-11D3-BF4B-00C04F79EFBC}") = "Xamarin.Forms.NavigationExtensions.Portable", "NavigationExtensions\Xamarin.Forms.NavigationExtensions.Portable.csproj", "{F85EB676-1488-41F4-8C09-488621D01A83}"
EndProject
Project("{D954291E-2A0B-460D-934E-DC6B0785DB48}") = "Xamarin.Forms.NavigationExtensions.Shared", "Xamarin.Forms.NavigationExtensions.Shared\Xamarin.Forms.NavigationExtensions.Shared.shproj", "{CB546437-26A8-4F76-8607-A55F9A7CE079}"
EndProject
Project("{FAE04EC0-301F-11D3-BF4B-00C04F79EFBC}") = "Xamarin.Forms.NavigationExtensions.Standard", "Xamarin.Forms.NavigationExtensions.Standard\Xamarin.Forms.NavigationExtensions.Standard.csproj", "{BC22B2C3-E552-4852-BF07-9CFFC17C852F}"
EndProject
Global
	GlobalSection(SolutionConfigurationPlatforms) = preSolution
		Debug|Any CPU = Debug|Any CPU
		Release|Any CPU = Release|Any CPU
		Debug|iPhoneSimulator = Debug|iPhoneSimulator
		Release|iPhone = Release|iPhone
		Release|iPhoneSimulator = Release|iPhoneSimulator
		Debug|iPhone = Debug|iPhone
	EndGlobalSection
	GlobalSection(ProjectConfigurationPlatforms) = postSolution
		{F85EB676-1488-41F4-8C09-488621D01A83}.Debug|Any CPU.ActiveCfg = Debug|Any CPU
		{F85EB676-1488-41F4-8C09-488621D01A83}.Debug|Any CPU.Build.0 = Debug|Any CPU
		{F85EB676-1488-41F4-8C09-488621D01A83}.Release|Any CPU.ActiveCfg = Release|Any CPU
		{F85EB676-1488-41F4-8C09-488621D01A83}.Release|Any CPU.Build.0 = Release|Any CPU
		{F85EB676-1488-41F4-8C09-488621D01A83}.Debug|iPhoneSimulator.ActiveCfg = Debug|Any CPU
		{F85EB676-1488-41F4-8C09-488621D01A83}.Debug|iPhoneSimulator.Build.0 = Debug|Any CPU
		{F85EB676-1488-41F4-8C09-488621D01A83}.Release|iPhone.ActiveCfg = Release|Any CPU
		{F85EB676-1488-41F4-8C09-488621D01A83}.Release|iPhone.Build.0 = Release|Any CPU
		{F85EB676-1488-41F4-8C09-488621D01A83}.Release|iPhoneSimulator.ActiveCfg = Release|Any CPU
		{F85EB676-1488-41F4-8C09-488621D01A83}.Release|iPhoneSimulator.Build.0 = Release|Any CPU
		{F85EB676-1488-41F4-8C09-488621D01A83}.Debug|iPhone.ActiveCfg = Debug|Any CPU
		{F85EB676-1488-41F4-8C09-488621D01A83}.Debug|iPhone.Build.0 = Debug|Any CPU
		{BC22B2C3-E552-4852-BF07-9CFFC17C852F}.Debug|Any CPU.ActiveCfg = Debug|Any CPU
		{BC22B2C3-E552-4852-BF07-9CFFC17C852F}.Debug|Any CPU.Build.0 = Debug|Any CPU
		{BC22B2C3-E552-4852-BF07-9CFFC17C852F}.Release|Any CPU.ActiveCfg = Release|Any CPU
		{BC22B2C3-E552-4852-BF07-9CFFC17C852F}.Release|Any CPU.Build.0 = Release|Any CPU
		{BC22B2C3-E552-4852-BF07-9CFFC17C852F}.Debug|iPhoneSimulator.ActiveCfg = Debug|Any CPU
		{BC22B2C3-E552-4852-BF07-9CFFC17C852F}.Debug|iPhoneSimulator.Build.0 = Debug|Any CPU
		{BC22B2C3-E552-4852-BF07-9CFFC17C852F}.Release|iPhone.ActiveCfg = Release|Any CPU
		{BC22B2C3-E552-4852-BF07-9CFFC17C852F}.Release|iPhone.Build.0 = Release|Any CPU
		{BC22B2C3-E552-4852-BF07-9CFFC17C852F}.Release|iPhoneSimulator.ActiveCfg = Release|Any CPU
		{BC22B2C3-E552-4852-BF07-9CFFC17C852F}.Release|iPhoneSimulator.Build.0 = Release|Any CPU
		{BC22B2C3-E552-4852-BF07-9CFFC17C852F}.Debug|iPhone.ActiveCfg = Debug|Any CPU
		{BC22B2C3-E552-4852-BF07-9CFFC17C852F}.Debug|iPhone.Build.0 = Debug|Any CPU
	EndGlobalSection
	GlobalSection(NestedProjects) = preSolution
	EndGlobalSection
EndGlobal
