
Microsoft Visual Studio Solution File, Format Version 12.00
# Visual Studio 2012
Project("{FAE04EC0-301F-11D3-BF4B-00C04F79EFBC}") = "Xamarin.Forms.NavigationExtensions", "NavigationExtensions\Xamarin.Forms.NavigationExtensions.csproj", "{F85EB676-1488-41F4-8C09-488621D01A83}"
EndProject
Global
	GlobalSection(SolutionConfigurationPlatforms) = preSolution
		Debug|Any CPU = Debug|Any CPU
		Release|Any CPU = Release|Any CPU
		Debug|iPhoneSimulator = Debug|iPhoneSimulator
		Release|iPhone = Release|iPhone
		Release|iPhoneSimulator = Release|iPhoneSimulator
		Debug|iPhone = Debug|iPhone
	EndGlobalSection
	GlobalSection(ProjectConfigurationPlatforms) = postSolution
		{F85EB676-1488-41F4-8C09-488621D01A83}.Debug|Any CPU.ActiveCfg = Debug|Any CPU
		{F85EB676-1488-41F4-8C09-488621D01A83}.Debug|Any CPU.Build.0 = Debug|Any CPU
		{F85EB676-1488-41F4-8C09-488621D01A83}.Release|Any CPU.ActiveCfg = Release|Any CPU
		{F85EB676-1488-41F4-8C09-488621D01A83}.Release|Any CPU.Build.0 = Release|Any CPU
		{F85EB676-1488-41F4-8C09-488621D01A83}.Debug|iPhoneSimulator.ActiveCfg = Debug|Any CPU
		{F85EB676-1488-41F4-8C09-488621D01A83}.Debug|iPhoneSimulator.Build.0 = Debug|Any CPU
		{F85EB676-1488-41F4-8C09-488621D01A83}.Release|iPhone.ActiveCfg = Release|Any CPU
		{F85EB676-1488-41F4-8C09-488621D01A83}.Release|iPhone.Build.0 = Release|Any CPU
		{F85EB676-1488-41F4-8C09-488621D01A83}.Release|iPhoneSimulator.ActiveCfg = Release|Any CPU
		{F85EB676-1488-41F4-8C09-488621D01A83}.Release|iPhoneSimulator.Build.0 = Release|Any CPU
		{F85EB676-1488-41F4-8C09-488621D01A83}.Debug|iPhone.ActiveCfg = Debug|Any CPU
		{F85EB676-1488-41F4-8C09-488621D01A83}.Debug|iPhone.Build.0 = Debug|Any CPU
	EndGlobalSection
	GlobalSection(NestedProjects) = preSolution
	EndGlobalSection
EndGlobal
